// !$*UTF8*$!
{
	archiveVersion = 1;
	classes = {
	};
	objectVersion = 56;
	objects = {

/* Begin PBXBuildFile section */
		17DF15282BD176C800874DD0 /* ImageLoader.swift in Sources */ = {isa = PBXBuildFile; fileRef = 17DF15272BD176C800874DD0 /* ImageLoader.swift */; };
		17DF152A2BD220A600874DD0 /* ImageDownloader.swift in Sources */ = {isa = PBXBuildFile; fileRef = 17DF15292BD220A600874DD0 /* ImageDownloader.swift */; };
		17DF152C2BD2D48600874DD0 /* ProgressLoader.swift in Sources */ = {isa = PBXBuildFile; fileRef = 17DF152B2BD2D48600874DD0 /* ProgressLoader.swift */; };
		17DF152E2BD3AE1400874DD0 /* ToastView.swift in Sources */ = {isa = PBXBuildFile; fileRef = 17DF152D2BD3AE1400874DD0 /* ToastView.swift */; };
		17EFBB542BCE2DF600754617 /* AppDelegate.swift in Sources */ = {isa = PBXBuildFile; fileRef = 17EFBB532BCE2DF600754617 /* AppDelegate.swift */; };
		17EFBB562BCE2DF600754617 /* SceneDelegate.swift in Sources */ = {isa = PBXBuildFile; fileRef = 17EFBB552BCE2DF600754617 /* SceneDelegate.swift */; };
		17EFBB5B2BCE2DF600754617 /* Main.storyboard in Resources */ = {isa = PBXBuildFile; fileRef = 17EFBB592BCE2DF600754617 /* Main.storyboard */; };
		17EFBB5D2BCE2DF700754617 /* Assets.xcassets in Resources */ = {isa = PBXBuildFile; fileRef = 17EFBB5C2BCE2DF700754617 /* Assets.xcassets */; };
		17EFBB602BCE2DF700754617 /* LaunchScreen.storyboard in Resources */ = {isa = PBXBuildFile; fileRef = 17EFBB5E2BCE2DF700754617 /* LaunchScreen.storyboard */; };
		17EFBB6E2BCE315100754617 /* ResponseHandlerURLSession.swift in Sources */ = {isa = PBXBuildFile; fileRef = 17EFBB682BCE315100754617 /* ResponseHandlerURLSession.swift */; };
		17EFBB6F2BCE315100754617 /* ApiManager.swift in Sources */ = {isa = PBXBuildFile; fileRef = 17EFBB692BCE315100754617 /* ApiManager.swift */; };
		17EFBB702BCE315100754617 /* NetworkErrorHandling.swift in Sources */ = {isa = PBXBuildFile; fileRef = 17EFBB6A2BCE315100754617 /* NetworkErrorHandling.swift */; };
		17EFBB712BCE315100754617 /* EndPointType.swift in Sources */ = {isa = PBXBuildFile; fileRef = 17EFBB6B2BCE315100754617 /* EndPointType.swift */; };
		17EFBB722BCE315100754617 /* NetworkHandlerURLSession.swift in Sources */ = {isa = PBXBuildFile; fileRef = 17EFBB6C2BCE315100754617 /* NetworkHandlerURLSession.swift */; };
		17EFBB732BCE315100754617 /* NetworkReachability.swift in Sources */ = {isa = PBXBuildFile; fileRef = 17EFBB6D2BCE315100754617 /* NetworkReachability.swift */; };
		17EFBB762BCE402300754617 /* CommonExtension.swift in Sources */ = {isa = PBXBuildFile; fileRef = 17EFBB752BCE402300754617 /* CommonExtension.swift */; };
		17EFBB812BCE404700754617 /* FeedDataModel.swift in Sources */ = {isa = PBXBuildFile; fileRef = 17EFBB7A2BCE404700754617 /* FeedDataModel.swift */; };
		17EFBB822BCE404700754617 /* DashboardEndPoint.swift in Sources */ = {isa = PBXBuildFile; fileRef = 17EFBB7B2BCE404700754617 /* DashboardEndPoint.swift */; };
		17EFBB832BCE404700754617 /* DashboardViewController.swift in Sources */ = {isa = PBXBuildFile; fileRef = 17EFBB7D2BCE404700754617 /* DashboardViewController.swift */; };
		17EFBB842BCE404700754617 /* FeedImageCell.swift in Sources */ = {isa = PBXBuildFile; fileRef = 17EFBB7E2BCE404700754617 /* FeedImageCell.swift */; };
		17EFBB852BCE404700754617 /* FeedImageCell.xib in Resources */ = {isa = PBXBuildFile; fileRef = 17EFBB7F2BCE404700754617 /* FeedImageCell.xib */; };
		17EFBB862BCE404700754617 /* DashboardViewModel.swift in Sources */ = {isa = PBXBuildFile; fileRef = 17EFBB802BCE404700754617 /* DashboardViewModel.swift */; };
		17EFBB882BCE423B00754617 /* SquareColumnFlowLayout.swift in Sources */ = {isa = PBXBuildFile; fileRef = 17EFBB872BCE423B00754617 /* SquareColumnFlowLayout.swift */; };
		17EFBB8C2BCEE87A00754617 /* FullScreenImageView.swift in Sources */ = {isa = PBXBuildFile; fileRef = 17EFBB8B2BCEE87A00754617 /* FullScreenImageView.swift */; };
		17EFBB8E2BCEEE3700754617 /* CoverageViewController.swift in Sources */ = {isa = PBXBuildFile; fileRef = 17EFBB8D2BCEEE3700754617 /* CoverageViewController.swift */; };
		17EFBB952BCEF99900754617 /* ImageCacheHelper.swift in Sources */ = {isa = PBXBuildFile; fileRef = 17EFBB942BCEF99900754617 /* ImageCacheHelper.swift */; };
/* End PBXBuildFile section */

/* Begin PBXFileReference section */
		17DF15272BD176C800874DD0 /* ImageLoader.swift */ = {isa = PBXFileReference; lastKnownFileType = sourcecode.swift; path = ImageLoader.swift; sourceTree = "<group>"; };
		17DF15292BD220A600874DD0 /* ImageDownloader.swift */ = {isa = PBXFileReference; lastKnownFileType = sourcecode.swift; path = ImageDownloader.swift; sourceTree = "<group>"; };
		17DF152B2BD2D48600874DD0 /* ProgressLoader.swift */ = {isa = PBXFileReference; lastKnownFileType = sourcecode.swift; path = ProgressLoader.swift; sourceTree = "<group>"; };
		17DF152D2BD3AE1400874DD0 /* ToastView.swift */ = {isa = PBXFileReference; lastKnownFileType = sourcecode.swift; path = ToastView.swift; sourceTree = "<group>"; };
		17EFBB502BCE2DF600754617 /* Acharya Prashant Foundation.app */ = {isa = PBXFileReference; explicitFileType = wrapper.application; includeInIndex = 0; path = "Acharya Prashant Foundation.app"; sourceTree = BUILT_PRODUCTS_DIR; };
		17EFBB532BCE2DF600754617 /* AppDelegate.swift */ = {isa = PBXFileReference; lastKnownFileType = sourcecode.swift; path = AppDelegate.swift; sourceTree = "<group>"; };
		17EFBB552BCE2DF600754617 /* SceneDelegate.swift */ = {isa = PBXFileReference; lastKnownFileType = sourcecode.swift; path = SceneDelegate.swift; sourceTree = "<group>"; };
		17EFBB5A2BCE2DF600754617 /* Base */ = {isa = PBXFileReference; lastKnownFileType = file.storyboard; name = Base; path = Base.lproj/Main.storyboard; sourceTree = "<group>"; };
		17EFBB5C2BCE2DF700754617 /* Assets.xcassets */ = {isa = PBXFileReference; lastKnownFileType = folder.assetcatalog; path = Assets.xcassets; sourceTree = "<group>"; };
		17EFBB5F2BCE2DF700754617 /* Base */ = {isa = PBXFileReference; lastKnownFileType = file.storyboard; name = Base; path = Base.lproj/LaunchScreen.storyboard; sourceTree = "<group>"; };
		17EFBB612BCE2DF700754617 /* Info.plist */ = {isa = PBXFileReference; lastKnownFileType = text.plist.xml; path = Info.plist; sourceTree = "<group>"; };
		17EFBB682BCE315100754617 /* ResponseHandlerURLSession.swift */ = {isa = PBXFileReference; fileEncoding = 4; lastKnownFileType = sourcecode.swift; path = ResponseHandlerURLSession.swift; sourceTree = "<group>"; };
		17EFBB692BCE315100754617 /* ApiManager.swift */ = {isa = PBXFileReference; fileEncoding = 4; lastKnownFileType = sourcecode.swift; path = ApiManager.swift; sourceTree = "<group>"; };
		17EFBB6A2BCE315100754617 /* NetworkErrorHandling.swift */ = {isa = PBXFileReference; fileEncoding = 4; lastKnownFileType = sourcecode.swift; path = NetworkErrorHandling.swift; sourceTree = "<group>"; };
		17EFBB6B2BCE315100754617 /* EndPointType.swift */ = {isa = PBXFileReference; fileEncoding = 4; lastKnownFileType = sourcecode.swift; path = EndPointType.swift; sourceTree = "<group>"; };
		17EFBB6C2BCE315100754617 /* NetworkHandlerURLSession.swift */ = {isa = PBXFileReference; fileEncoding = 4; lastKnownFileType = sourcecode.swift; path = NetworkHandlerURLSession.swift; sourceTree = "<group>"; };
		17EFBB6D2BCE315100754617 /* NetworkReachability.swift */ = {isa = PBXFileReference; fileEncoding = 4; lastKnownFileType = sourcecode.swift; path = NetworkReachability.swift; sourceTree = "<group>"; };
		17EFBB752BCE402300754617 /* CommonExtension.swift */ = {isa = PBXFileReference; fileEncoding = 4; lastKnownFileType = sourcecode.swift; path = CommonExtension.swift; sourceTree = "<group>"; };
		17EFBB7A2BCE404700754617 /* FeedDataModel.swift */ = {isa = PBXFileReference; fileEncoding = 4; lastKnownFileType = sourcecode.swift; path = FeedDataModel.swift; sourceTree = "<group>"; };
		17EFBB7B2BCE404700754617 /* DashboardEndPoint.swift */ = {isa = PBXFileReference; fileEncoding = 4; lastKnownFileType = sourcecode.swift; path = DashboardEndPoint.swift; sourceTree = "<group>"; };
		17EFBB7D2BCE404700754617 /* DashboardViewController.swift */ = {isa = PBXFileReference; fileEncoding = 4; lastKnownFileType = sourcecode.swift; path = DashboardViewController.swift; sourceTree = "<group>"; };
		17EFBB7E2BCE404700754617 /* FeedImageCell.swift */ = {isa = PBXFileReference; fileEncoding = 4; lastKnownFileType = sourcecode.swift; path = FeedImageCell.swift; sourceTree = "<group>"; };
		17EFBB7F2BCE404700754617 /* FeedImageCell.xib */ = {isa = PBXFileReference; fileEncoding = 4; lastKnownFileType = file.xib; path = FeedImageCell.xib; sourceTree = "<group>"; };
		17EFBB802BCE404700754617 /* DashboardViewModel.swift */ = {isa = PBXFileReference; fileEncoding = 4; lastKnownFileType = sourcecode.swift; path = DashboardViewModel.swift; sourceTree = "<group>"; };
		17EFBB872BCE423B00754617 /* SquareColumnFlowLayout.swift */ = {isa = PBXFileReference; lastKnownFileType = sourcecode.swift; path = SquareColumnFlowLayout.swift; sourceTree = "<group>"; };
		17EFBB8B2BCEE87A00754617 /* FullScreenImageView.swift */ = {isa = PBXFileReference; lastKnownFileType = sourcecode.swift; path = FullScreenImageView.swift; sourceTree = "<group>"; };
		17EFBB8D2BCEEE3700754617 /* CoverageViewController.swift */ = {isa = PBXFileReference; lastKnownFileType = sourcecode.swift; path = CoverageViewController.swift; sourceTree = "<group>"; };
		17EFBB942BCEF99900754617 /* ImageCacheHelper.swift */ = {isa = PBXFileReference; lastKnownFileType = sourcecode.swift; path = ImageCacheHelper.swift; sourceTree = "<group>"; };
/* End PBXFileReference section */

/* Begin PBXFrameworksBuildPhase section */
		17EFBB4D2BCE2DF600754617 /* Frameworks */ = {
			isa = PBXFrameworksBuildPhase;
			buildActionMask = 2147483647;
			files = (
			);
			runOnlyForDeploymentPostprocessing = 0;
		};
/* End PBXFrameworksBuildPhase section */

/* Begin PBXGroup section */
		17EFBB472BCE2DF600754617 = {
			isa = PBXGroup;
			children = (
				17EFBB522BCE2DF600754617 /* Acharya Prashant Foundation */,
				17EFBB512BCE2DF600754617 /* Products */,
			);
			sourceTree = "<group>";
		};
		17EFBB512BCE2DF600754617 /* Products */ = {
			isa = PBXGroup;
			children = (
				17EFBB502BCE2DF600754617 /* Acharya Prashant Foundation.app */,
			);
			name = Products;
			sourceTree = "<group>";
		};
		17EFBB522BCE2DF600754617 /* Acharya Prashant Foundation */ = {
			isa = PBXGroup;
			children = (
				17EFBB772BCE404700754617 /* Screen */,
				17EFBB912BCEF09800754617 /* MediaManager */,
				17EFBB672BCE315100754617 /* Network */,
				17EFBB742BCE402300754617 /* OtherService */,
				17EFBB532BCE2DF600754617 /* AppDelegate.swift */,
				17EFBB552BCE2DF600754617 /* SceneDelegate.swift */,
				17EFBB592BCE2DF600754617 /* Main.storyboard */,
				17EFBB5C2BCE2DF700754617 /* Assets.xcassets */,
				17EFBB5E2BCE2DF700754617 /* LaunchScreen.storyboard */,
				17EFBB612BCE2DF700754617 /* Info.plist */,
			);
			path = "Acharya Prashant Foundation";
			sourceTree = "<group>";
		};
		17EFBB672BCE315100754617 /* Network */ = {
			isa = PBXGroup;
			children = (
				17EFBB692BCE315100754617 /* ApiManager.swift */,
				17EFBB682BCE315100754617 /* ResponseHandlerURLSession.swift */,
				17EFBB6B2BCE315100754617 /* EndPointType.swift */,
				17EFBB6C2BCE315100754617 /* NetworkHandlerURLSession.swift */,
				17EFBB6A2BCE315100754617 /* NetworkErrorHandling.swift */,
				17EFBB6D2BCE315100754617 /* NetworkReachability.swift */,
			);
			path = Network;
			sourceTree = "<group>";
		};
		17EFBB742BCE402300754617 /* OtherService */ = {
			isa = PBXGroup;
			children = (
				17EFBB752BCE402300754617 /* CommonExtension.swift */,
				17DF152B2BD2D48600874DD0 /* ProgressLoader.swift */,
				17DF152D2BD3AE1400874DD0 /* ToastView.swift */,
			);
			path = OtherService;
			sourceTree = "<group>";
		};
		17EFBB772BCE404700754617 /* Screen */ = {
			isa = PBXGroup;
			children = (
				17EFBB782BCE404700754617 /* Dashboard */,
			);
			path = Screen;
			sourceTree = "<group>";
		};
		17EFBB782BCE404700754617 /* Dashboard */ = {
			isa = PBXGroup;
			children = (
				17EFBB7C2BCE404700754617 /* View */,
				17EFBB802BCE404700754617 /* DashboardViewModel.swift */,
				17EFBB792BCE404700754617 /* Model */,
			);
			path = Dashboard;
			sourceTree = "<group>";
		};
		17EFBB792BCE404700754617 /* Model */ = {
			isa = PBXGroup;
			children = (
				17EFBB7B2BCE404700754617 /* DashboardEndPoint.swift */,
				17EFBB7A2BCE404700754617 /* FeedDataModel.swift */,
			);
			path = Model;
			sourceTree = "<group>";
		};
		17EFBB7C2BCE404700754617 /* View */ = {
			isa = PBXGroup;
			children = (
				17EFBB7D2BCE404700754617 /* DashboardViewController.swift */,
				17EFBB8B2BCEE87A00754617 /* FullScreenImageView.swift */,
				17EFBB8D2BCEEE3700754617 /* CoverageViewController.swift */,
				17EFBB872BCE423B00754617 /* SquareColumnFlowLayout.swift */,
				17EFBB902BCEF06400754617 /* Cell */,
			);
			path = View;
			sourceTree = "<group>";
		};
		17EFBB902BCEF06400754617 /* Cell */ = {
			isa = PBXGroup;
			children = (
				17EFBB7E2BCE404700754617 /* FeedImageCell.swift */,
				17EFBB7F2BCE404700754617 /* FeedImageCell.xib */,
			);
			path = Cell;
			sourceTree = "<group>";
		};
		17EFBB912BCEF09800754617 /* MediaManager */ = {
			isa = PBXGroup;
			children = (
				17DF15272BD176C800874DD0 /* ImageLoader.swift */,
				17EFBB942BCEF99900754617 /* ImageCacheHelper.swift */,
				17DF15292BD220A600874DD0 /* ImageDownloader.swift */,
			);
			path = MediaManager;
			sourceTree = "<group>";
		};
/* End PBXGroup section */

/* Begin PBXNativeTarget section */
		17EFBB4F2BCE2DF600754617 /* Acharya Prashant Foundation */ = {
			isa = PBXNativeTarget;
			buildConfigurationList = 17EFBB642BCE2DF700754617 /* Build configuration list for PBXNativeTarget "Acharya Prashant Foundation" */;
			buildPhases = (
				17EFBB4C2BCE2DF600754617 /* Sources */,
				17EFBB4D2BCE2DF600754617 /* Frameworks */,
				17EFBB4E2BCE2DF600754617 /* Resources */,
			);
			buildRules = (
			);
			dependencies = (
			);
			name = "Acharya Prashant Foundation";
			productName = "Acharya Prashant Foundation";
			productReference = 17EFBB502BCE2DF600754617 /* Acharya Prashant Foundation.app */;
			productType = "com.apple.product-type.application";
		};
/* End PBXNativeTarget section */

/* Begin PBXProject section */
		17EFBB482BCE2DF600754617 /* Project object */ = {
			isa = PBXProject;
			attributes = {
				BuildIndependentTargetsInParallel = 1;
				LastSwiftUpdateCheck = 1500;
				LastUpgradeCheck = 1500;
				TargetAttributes = {
					17EFBB4F2BCE2DF600754617 = {
						CreatedOnToolsVersion = 15.0.1;
					};
				};
			};
			buildConfigurationList = 17EFBB4B2BCE2DF600754617 /* Build configuration list for PBXProject "Acharya Prashant Foundation" */;
			compatibilityVersion = "Xcode 14.0";
			developmentRegion = en;
			hasScannedForEncodings = 0;
			knownRegions = (
				en,
				Base,
			);
			mainGroup = 17EFBB472BCE2DF600754617;
			productRefGroup = 17EFBB512BCE2DF600754617 /* Products */;
			projectDirPath = "";
			projectRoot = "";
			targets = (
				17EFBB4F2BCE2DF600754617 /* Acharya Prashant Foundation */,
			);
		};
/* End PBXProject section */

/* Begin PBXResourcesBuildPhase section */
		17EFBB4E2BCE2DF600754617 /* Resources */ = {
			isa = PBXResourcesBuildPhase;
			buildActionMask = 2147483647;
			files = (
				17EFBB602BCE2DF700754617 /* LaunchScreen.storyboard in Resources */,
				17EFBB852BCE404700754617 /* FeedImageCell.xib in Resources */,
				17EFBB5D2BCE2DF700754617 /* Assets.xcassets in Resources */,
				17EFBB5B2BCE2DF600754617 /* Main.storyboard in Resources */,
			);
			runOnlyForDeploymentPostprocessing = 0;
		};
/* End PBXResourcesBuildPhase section */

/* Begin PBXSourcesBuildPhase section */
		17EFBB4C2BCE2DF600754617 /* Sources */ = {
			isa = PBXSourcesBuildPhase;
			buildActionMask = 2147483647;
			files = (
				17EFBB762BCE402300754617 /* CommonExtension.swift in Sources */,
				17EFBB722BCE315100754617 /* NetworkHandlerURLSession.swift in Sources */,
				17DF15282BD176C800874DD0 /* ImageLoader.swift in Sources */,
				17DF152C2BD2D48600874DD0 /* ProgressLoader.swift in Sources */,
				17EFBB812BCE404700754617 /* FeedDataModel.swift in Sources */,
				17EFBB702BCE315100754617 /* NetworkErrorHandling.swift in Sources */,
				17DF152E2BD3AE1400874DD0 /* ToastView.swift in Sources */,
				17EFBB542BCE2DF600754617 /* AppDelegate.swift in Sources */,
				17EFBB8C2BCEE87A00754617 /* FullScreenImageView.swift in Sources */,
				17EFBB8E2BCEEE3700754617 /* CoverageViewController.swift in Sources */,
				17EFBB862BCE404700754617 /* DashboardViewModel.swift in Sources */,
				17EFBB6F2BCE315100754617 /* ApiManager.swift in Sources */,
				17EFBB842BCE404700754617 /* FeedImageCell.swift in Sources */,
				17EFBB882BCE423B00754617 /* SquareColumnFlowLayout.swift in Sources */,
				17DF152A2BD220A600874DD0 /* ImageDownloader.swift in Sources */,
				17EFBB832BCE404700754617 /* DashboardViewController.swift in Sources */,
				17EFBB822BCE404700754617 /* DashboardEndPoint.swift in Sources */,
				17EFBB952BCEF99900754617 /* ImageCacheHelper.swift in Sources */,
				17EFBB732BCE315100754617 /* NetworkReachability.swift in Sources */,
				17EFBB6E2BCE315100754617 /* ResponseHandlerURLSession.swift in Sources */,
				17EFBB562BCE2DF600754617 /* SceneDelegate.swift in Sources */,
				17EFBB712BCE315100754617 /* EndPointType.swift in Sources */,
			);
			runOnlyForDeploymentPostprocessing = 0;
		};
/* End PBXSourcesBuildPhase section */

/* Begin PBXVariantGroup section */
		17EFBB592BCE2DF600754617 /* Main.storyboard */ = {
			isa = PBXVariantGroup;
			children = (
				17EFBB5A2BCE2DF600754617 /* Base */,
			);
			name = Main.storyboard;
			sourceTree = "<group>";
		};
		17EFBB5E2BCE2DF700754617 /* LaunchScreen.storyboard */ = {
			isa = PBXVariantGroup;
			children = (
				17EFBB5F2BCE2DF700754617 /* Base */,
			);
			name = LaunchScreen.storyboard;
			sourceTree = "<group>";
		};
/* End PBXVariantGroup section */

/* Begin XCBuildConfiguration section */
		17EFBB622BCE2DF700754617 /* Debug */ = {
			isa = XCBuildConfiguration;
			buildSettings = {
				ALWAYS_SEARCH_USER_PATHS = NO;
				ASSETCATALOG_COMPILER_GENERATE_SWIFT_ASSET_SYMBOL_EXTENSIONS = YES;
				CLANG_ANALYZER_NONNULL = YES;
				CLANG_ANALYZER_NUMBER_OBJECT_CONVERSION = YES_AGGRESSIVE;
				CLANG_CXX_LANGUAGE_STANDARD = "gnu++20";
				CLANG_ENABLE_MODULES = YES;
				CLANG_ENABLE_OBJC_ARC = YES;
				CLANG_ENABLE_OBJC_WEAK = YES;
				CLANG_WARN_BLOCK_CAPTURE_AUTORELEASING = YES;
				CLANG_WARN_BOOL_CONVERSION = YES;
				CLANG_WARN_COMMA = YES;
				CLANG_WARN_CONSTANT_CONVERSION = YES;
				CLANG_WARN_DEPRECATED_OBJC_IMPLEMENTATIONS = YES;
				CLANG_WARN_DIRECT_OBJC_ISA_USAGE = YES_ERROR;
				CLANG_WARN_DOCUMENTATION_COMMENTS = YES;
				CLANG_WARN_EMPTY_BODY = YES;
				CLANG_WARN_ENUM_CONVERSION = YES;
				CLANG_WARN_INFINITE_RECURSION = YES;
				CLANG_WARN_INT_CONVERSION = YES;
				CLANG_WARN_NON_LITERAL_NULL_CONVERSION = YES;
				CLANG_WARN_OBJC_IMPLICIT_RETAIN_SELF = YES;
				CLANG_WARN_OBJC_LITERAL_CONVERSION = YES;
				CLANG_WARN_OBJC_ROOT_CLASS = YES_ERROR;
				CLANG_WARN_QUOTED_INCLUDE_IN_FRAMEWORK_HEADER = YES;
				CLANG_WARN_RANGE_LOOP_ANALYSIS = YES;
				CLANG_WARN_STRICT_PROTOTYPES = YES;
				CLANG_WARN_SUSPICIOUS_MOVE = YES;
				CLANG_WARN_UNGUARDED_AVAILABILITY = YES_AGGRESSIVE;
				CLANG_WARN_UNREACHABLE_CODE = YES;
				CLANG_WARN__DUPLICATE_METHOD_MATCH = YES;
				COPY_PHASE_STRIP = NO;
				DEBUG_INFORMATION_FORMAT = dwarf;
				ENABLE_STRICT_OBJC_MSGSEND = YES;
				ENABLE_TESTABILITY = YES;
				ENABLE_USER_SCRIPT_SANDBOXING = YES;
				GCC_C_LANGUAGE_STANDARD = gnu17;
				GCC_DYNAMIC_NO_PIC = NO;
				GCC_NO_COMMON_BLOCKS = YES;
				GCC_OPTIMIZATION_LEVEL = 0;
				GCC_PREPROCESSOR_DEFINITIONS = (
					"DEBUG=1",
					"$(inherited)",
				);
				GCC_WARN_64_TO_32_BIT_CONVERSION = YES;
				GCC_WARN_ABOUT_RETURN_TYPE = YES_ERROR;
				GCC_WARN_UNDECLARED_SELECTOR = YES;
				GCC_WARN_UNINITIALIZED_AUTOS = YES_AGGRESSIVE;
				GCC_WARN_UNUSED_FUNCTION = YES;
				GCC_WARN_UNUSED_VARIABLE = YES;
				IPHONEOS_DEPLOYMENT_TARGET = 17.0;
				LOCALIZATION_PREFERS_STRING_CATALOGS = YES;
				MTL_ENABLE_DEBUG_INFO = INCLUDE_SOURCE;
				MTL_FAST_MATH = YES;
				ONLY_ACTIVE_ARCH = YES;
				SDKROOT = iphoneos;
				SWIFT_ACTIVE_COMPILATION_CONDITIONS = "DEBUG $(inherited)";
				SWIFT_OPTIMIZATION_LEVEL = "-Onone";
			};
			name = Debug;
		};
		17EFBB632BCE2DF700754617 /* Release */ = {
			isa = XCBuildConfiguration;
			buildSettings = {
				ALWAYS_SEARCH_USER_PATHS = NO;
				ASSETCATALOG_COMPILER_GENERATE_SWIFT_ASSET_SYMBOL_EXTENSIONS = YES;
				CLANG_ANALYZER_NONNULL = YES;
				CLANG_ANALYZER_NUMBER_OBJECT_CONVERSION = YES_AGGRESSIVE;
				CLANG_CXX_LANGUAGE_STANDARD = "gnu++20";
				CLANG_ENABLE_MODULES = YES;
				CLANG_ENABLE_OBJC_ARC = YES;
				CLANG_ENABLE_OBJC_WEAK = YES;
				CLANG_WARN_BLOCK_CAPTURE_AUTORELEASING = YES;
				CLANG_WARN_BOOL_CONVERSION = YES;
				CLANG_WARN_COMMA = YES;
				CLANG_WARN_CONSTANT_CONVERSION = YES;
				CLANG_WARN_DEPRECATED_OBJC_IMPLEMENTATIONS = YES;
				CLANG_WARN_DIRECT_OBJC_ISA_USAGE = YES_ERROR;
				CLANG_WARN_DOCUMENTATION_COMMENTS = YES;
				CLANG_WARN_EMPTY_BODY = YES;
				CLANG_WARN_ENUM_CONVERSION = YES;
				CLANG_WARN_INFINITE_RECURSION = YES;
				CLANG_WARN_INT_CONVERSION = YES;
				CLANG_WARN_NON_LITERAL_NULL_CONVERSION = YES;
				CLANG_WARN_OBJC_IMPLICIT_RETAIN_SELF = YES;
				CLANG_WARN_OBJC_LITERAL_CONVERSION = YES;
				CLANG_WARN_OBJC_ROOT_CLASS = YES_ERROR;
				CLANG_WARN_QUOTED_INCLUDE_IN_FRAMEWORK_HEADER = YES;
				CLANG_WARN_RANGE_LOOP_ANALYSIS = YES;
				CLANG_WARN_STRICT_PROTOTYPES = YES;
				CLANG_WARN_SUSPICIOUS_MOVE = YES;
				CLANG_WARN_UNGUARDED_AVAILABILITY = YES_AGGRESSIVE;
				CLANG_WARN_UNREACHABLE_CODE = YES;
				CLANG_WARN__DUPLICATE_METHOD_MATCH = YES;
				COPY_PHASE_STRIP = NO;
				DEBUG_INFORMATION_FORMAT = "dwarf-with-dsym";
				ENABLE_NS_ASSERTIONS = NO;
				ENABLE_STRICT_OBJC_MSGSEND = YES;
				ENABLE_USER_SCRIPT_SANDBOXING = YES;
				GCC_C_LANGUAGE_STANDARD = gnu17;
				GCC_NO_COMMON_BLOCKS = YES;
				GCC_WARN_64_TO_32_BIT_CONVERSION = YES;
				GCC_WARN_ABOUT_RETURN_TYPE = YES_ERROR;
				GCC_WARN_UNDECLARED_SELECTOR = YES;
				GCC_WARN_UNINITIALIZED_AUTOS = YES_AGGRESSIVE;
				GCC_WARN_UNUSED_FUNCTION = YES;
				GCC_WARN_UNUSED_VARIABLE = YES;
				IPHONEOS_DEPLOYMENT_TARGET = 17.0;
				LOCALIZATION_PREFERS_STRING_CATALOGS = YES;
				MTL_ENABLE_DEBUG_INFO = NO;
				MTL_FAST_MATH = YES;
				SDKROOT = iphoneos;
				SWIFT_COMPILATION_MODE = wholemodule;
				VALIDATE_PRODUCT = YES;
			};
			name = Release;
		};
		17EFBB652BCE2DF700754617 /* Debug */ = {
			isa = XCBuildConfiguration;
			buildSettings = {
				ASSETCATALOG_COMPILER_APPICON_NAME = AppIcon;
				ASSETCATALOG_COMPILER_GLOBAL_ACCENT_COLOR_NAME = AccentColor;
				CODE_SIGN_STYLE = Automatic;
				CURRENT_PROJECT_VERSION = 1;
				DEVELOPMENT_TEAM = 6TJGECX2AY;
				GENERATE_INFOPLIST_FILE = YES;
				INFOPLIST_FILE = "Acharya Prashant Foundation/Info.plist";
				INFOPLIST_KEY_UIApplicationSupportsIndirectInputEvents = YES;
				INFOPLIST_KEY_UILaunchStoryboardName = LaunchScreen;
				INFOPLIST_KEY_UIMainStoryboardFile = Main;
				INFOPLIST_KEY_UISupportedInterfaceOrientations_iPad = "UIInterfaceOrientationPortrait UIInterfaceOrientationPortraitUpsideDown UIInterfaceOrientationLandscapeLeft UIInterfaceOrientationLandscapeRight";
				INFOPLIST_KEY_UISupportedInterfaceOrientations_iPhone = "UIInterfaceOrientationPortrait UIInterfaceOrientationLandscapeLeft UIInterfaceOrientationLandscapeRight";
				LD_RUNPATH_SEARCH_PATHS = (
					"$(inherited)",
					"@executable_path/Frameworks",
				);
				MARKETING_VERSION = 1.0;
				PRODUCT_BUNDLE_IDENTIFIER = ashok.solanki.AcharyaPrashantFoundation;
				PRODUCT_NAME = "$(TARGET_NAME)";
				SWIFT_EMIT_LOC_STRINGS = YES;
				SWIFT_VERSION = 5.0;
				TARGETED_DEVICE_FAMILY = "1,2";
			};
			name = Debug;
		};
		17EFBB662BCE2DF700754617 /* Release */ = {
			isa = XCBuildConfiguration;
			buildSettings = {
				ASSETCATALOG_COMPILER_APPICON_NAME = AppIcon;
				ASSETCATALOG_COMPILER_GLOBAL_ACCENT_COLOR_NAME = AccentColor;
				CODE_SIGN_STYLE = Automatic;
				CURRENT_PROJECT_VERSION = 1;
				DEVELOPMENT_TEAM = 6TJGECX2AY;
				GENERATE_INFOPLIST_FILE = YES;
				INFOPLIST_FILE = "Acharya Prashant Foundation/Info.plist";
				INFOPLIST_KEY_UIApplicationSupportsIndirectInputEvents = YES;
				INFOPLIST_KEY_UILaunchStoryboardName = LaunchScreen;
				INFOPLIST_KEY_UIMainStoryboardFile = Main;
				INFOPLIST_KEY_UISupportedInterfaceOrientations_iPad = "UIInterfaceOrientationPortrait UIInterfaceOrientationPortraitUpsideDown UIInterfaceOrientationLandscapeLeft UIInterfaceOrientationLandscapeRight";
				INFOPLIST_KEY_UISupportedInterfaceOrientations_iPhone = "UIInterfaceOrientationPortrait UIInterfaceOrientationLandscapeLeft UIInterfaceOrientationLandscapeRight";
				LD_RUNPATH_SEARCH_PATHS = (
					"$(inherited)",
					"@executable_path/Frameworks",
				);
				MARKETING_VERSION = 1.0;
				PRODUCT_BUNDLE_IDENTIFIER = ashok.solanki.AcharyaPrashantFoundation;
				PRODUCT_NAME = "$(TARGET_NAME)";
				SWIFT_EMIT_LOC_STRINGS = YES;
				SWIFT_VERSION = 5.0;
				TARGETED_DEVICE_FAMILY = "1,2";
			};
			name = Release;
		};
/* End XCBuildConfiguration section */

/* Begin XCConfigurationList section */
		17EFBB4B2BCE2DF600754617 /* Build configuration list for PBXProject "Acharya Prashant Foundation" */ = {
			isa = XCConfigurationList;
			buildConfigurations = (
				17EFBB622BCE2DF700754617 /* Debug */,
				17EFBB632BCE2DF700754617 /* Release */,
			);
			defaultConfigurationIsVisible = 0;
			defaultConfigurationName = Release;
		};
		17EFBB642BCE2DF700754617 /* Build configuration list for PBXNativeTarget "Acharya Prashant Foundation" */ = {
			isa = XCConfigurationList;
			buildConfigurations = (
				17EFBB652BCE2DF700754617 /* Debug */,
				17EFBB662BCE2DF700754617 /* Release */,
			);
			defaultConfigurationIsVisible = 0;
			defaultConfigurationName = Release;
		};
/* End XCConfigurationList section */
	};
	rootObject = 17EFBB482BCE2DF600754617 /* Project object */;
}
